
Microsoft Visual Studio Solution File, Format Version 12.00
# Visual Studio Version 17
VisualStudioVersion = 17.11.35312.102
MinimumVisualStudioVersion = 10.0.40219.1
Project("{FAE04EC0-301F-11D3-BF4B-00C04F79EFBC}") = "Quizz", "Quizz\Quizz.csproj", "{B8B41069-0D68-444D-B9FD-67A5D0E53357}"
EndProject
Global
	GlobalSection(SolutionConfigurationPlatforms) = preSolution
		Debug|Any CPU = Debug|Any CPU
		Release|Any CPU = Release|Any CPU
	EndGlobalSection
	GlobalSection(ProjectConfigurationPlatforms) = postSolution
		{B8B41069-0D68-444D-B9FD-67A5D0E53357}.Debug|Any CPU.ActiveCfg = Debug|Any CPU
		{B8B41069-0D68-444D-B9FD-67A5D0E53357}.Debug|Any CPU.Build.0 = Debug|Any CPU
		{B8B41069-0D68-444D-B9FD-67A5D0E53357}.Debug|Any CPU.Deploy.0 = Debug|Any CPU
		{B8B41069-0D68-444D-B9FD-67A5D0E53357}.Release|Any CPU.ActiveCfg = Release|Any CPU
		{B8B41069-0D68-444D-B9FD-67A5D0E53357}.Release|Any CPU.Build.0 = Release|Any CPU
		{B8B41069-0D68-444D-B9FD-67A5D0E53357}.Release|Any CPU.Deploy.0 = Release|Any CPU
	EndGlobalSection
	GlobalSection(SolutionProperties) = preSolution
		HideSolutionNode = FALSE
	EndGlobalSection
	GlobalSection(ExtensibilityGlobals) = postSolution
		SolutionGuid = {F89CBC95-C280-44C4-9A8D-4296DFCF9EA2}
	EndGlobalSection
EndGlobal
